
Microsoft Visual Studio Solution File, Format Version 12.00
# Visual Studio 15
VisualStudioVersion = 15.0.26430.14
MinimumVisualStudioVersion = 10.0.40219.1
Project("{8BC9CEB8-8B4A-11D0-8D11-00A0C91BC942}") = "BJ1932", "BJ1932\BJ1932.vcxproj", "{6D63C8E4-3B33-4186-9B6B-915FD448949C}"
EndProject
Project("{8BC9CEB8-8B4A-11D0-8D11-00A0C91BC942}") = "BJ9095", "BJ9095\BJ9095.vcxproj", "{663DCF58-164A-436A-81F8-AC489DF82CE9}"
EndProject
Project("{8BC9CEB8-8B4A-11D0-8D11-00A0C91BC942}") = "BJ7562", "BJ7562\BJ7562.vcxproj", "{B51F8703-EC28-4D83-A527-07403D3E1613}"
EndProject
Project("{8BC9CEB8-8B4A-11D0-8D11-00A0C91BC942}") = "BJ11726", "BJ11726\BJ11726.vcxproj", "{A7B88A21-1691-45A1-A82E-7C5E1B43AC99}"
EndProject
Global
	GlobalSection(SolutionConfigurationPlatforms) = preSolution
		Debug|x64 = Debug|x64
		Debug|x86 = Debug|x86
		Release|x64 = Release|x64
		Release|x86 = Release|x86
	EndGlobalSection
	GlobalSection(ProjectConfigurationPlatforms) = postSolution
		{6D63C8E4-3B33-4186-9B6B-915FD448949C}.Debug|x64.ActiveCfg = Debug|x64
		{6D63C8E4-3B33-4186-9B6B-915FD448949C}.Debug|x64.Build.0 = Debug|x64
		{6D63C8E4-3B33-4186-9B6B-915FD448949C}.Debug|x86.ActiveCfg = Debug|Win32
		{6D63C8E4-3B33-4186-9B6B-915FD448949C}.Debug|x86.Build.0 = Debug|Win32
		{6D63C8E4-3B33-4186-9B6B-915FD448949C}.Release|x64.ActiveCfg = Release|x64
		{6D63C8E4-3B33-4186-9B6B-915FD448949C}.Release|x64.Build.0 = Release|x64
		{6D63C8E4-3B33-4186-9B6B-915FD448949C}.Release|x86.ActiveCfg = Release|Win32
		{6D63C8E4-3B33-4186-9B6B-915FD448949C}.Release|x86.Build.0 = Release|Win32
		{663DCF58-164A-436A-81F8-AC489DF82CE9}.Debug|x64.ActiveCfg = Debug|x64
		{663DCF58-164A-436A-81F8-AC489DF82CE9}.Debug|x64.Build.0 = Debug|x64
		{663DCF58-164A-436A-81F8-AC489DF82CE9}.Debug|x86.ActiveCfg = Debug|Win32
		{663DCF58-164A-436A-81F8-AC489DF82CE9}.Debug|x86.Build.0 = Debug|Win32
		{663DCF58-164A-436A-81F8-AC489DF82CE9}.Release|x64.ActiveCfg = Release|x64
		{663DCF58-164A-436A-81F8-AC489DF82CE9}.Release|x64.Build.0 = Release|x64
		{663DCF58-164A-436A-81F8-AC489DF82CE9}.Release|x86.ActiveCfg = Release|Win32
		{663DCF58-164A-436A-81F8-AC489DF82CE9}.Release|x86.Build.0 = Release|Win32
		{B51F8703-EC28-4D83-A527-07403D3E1613}.Debug|x64.ActiveCfg = Debug|x64
		{B51F8703-EC28-4D83-A527-07403D3E1613}.Debug|x64.Build.0 = Debug|x64
		{B51F8703-EC28-4D83-A527-07403D3E1613}.Debug|x86.ActiveCfg = Debug|Win32
		{B51F8703-EC28-4D83-A527-07403D3E1613}.Debug|x86.Build.0 = Debug|Win32
		{B51F8703-EC28-4D83-A527-07403D3E1613}.Release|x64.ActiveCfg = Release|x64
		{B51F8703-EC28-4D83-A527-07403D3E1613}.Release|x64.Build.0 = Release|x64
		{B51F8703-EC28-4D83-A527-07403D3E1613}.Release|x86.ActiveCfg = Release|Win32
		{B51F8703-EC28-4D83-A527-07403D3E1613}.Release|x86.Build.0 = Release|Win32
		{A7B88A21-1691-45A1-A82E-7C5E1B43AC99}.Debug|x64.ActiveCfg = Debug|x64
		{A7B88A21-1691-45A1-A82E-7C5E1B43AC99}.Debug|x64.Build.0 = Debug|x64
		{A7B88A21-1691-45A1-A82E-7C5E1B43AC99}.Debug|x86.ActiveCfg = Debug|Win32
		{A7B88A21-1691-45A1-A82E-7C5E1B43AC99}.Debug|x86.Build.0 = Debug|Win32
		{A7B88A21-1691-45A1-A82E-7C5E1B43AC99}.Release|x64.ActiveCfg = Release|x64
		{A7B88A21-1691-45A1-A82E-7C5E1B43AC99}.Release|x64.Build.0 = Release|x64
		{A7B88A21-1691-45A1-A82E-7C5E1B43AC99}.Release|x86.ActiveCfg = Release|Win32
		{A7B88A21-1691-45A1-A82E-7C5E1B43AC99}.Release|x86.Build.0 = Release|Win32
	EndGlobalSection
	GlobalSection(SolutionProperties) = preSolution
		HideSolutionNode = FALSE
	EndGlobalSection
EndGlobal
